<?xml version="1.0" encoding="utf-8"?>
<Project ToolsVersion="4.0" xmlns="http://schemas.microsoft.com/developer/msbuild/2003">
  <ItemGroup>
    <Filter Include="Исходные файлы">
      <UniqueIdentifier>{4FC737F1-C7A5-4376-A066-2A32D752A2FF}</UniqueIdentifier>
      <Extensions>cpp;c;cc;cxx;def;odl;idl;hpj;bat;asm;asmx</Extensions>
    </Filter>
    <Filter Include="Файлы заголовков">
      <UniqueIdentifier>{93995380-89BD-4b04-88EB-625FBE52EBFB}</UniqueIdentifier>
      <Extensions>h;hh;hpp;hxx;hm;inl;inc;ipp;xsd</Extensions>
    </Filter>
    <Filter Include="Файлы ресурсов">
      <UniqueIdentifier>{67DA6AB6-F800-4c08-8B7A-83BB121AAD01}</UniqueIdentifier>
      <Extensions>rc;ico;cur;bmp;dlg;rc2;rct;bin;rgs;gif;jpg;jpeg;jpe;resx;tiff;tif;png;wav;mfcribbon-ms</Extensions>
    </Filter>
  </ItemGroup>
  <ItemGroup>
    <ClInclude Include="framework.h">
      <Filter>Файлы заголовков</Filter>
    </ClInclude>
    <ClInclude Include="pch.h">
      <Filter>Файлы заголовков</Filter>
    </ClInclude>
    <ClInclude Include="ProcessController.h">
      <Filter>Файлы заголовков</Filter>
    </ClInclude>
    <ClInclude Include="WindowsVisitor.h">
      <Filter>Файлы заголовков</Filter>
    </ClInclude>
    <ClInclude Include="CWindow_edit.h">
      <Filter>Файлы заголовков</Filter>
    </ClInclude>
    <ClInclude Include="CWindowsBuilder.h">
      <Filter>Файлы заголовков</Filter>
    </ClInclude>
    <ClInclude Include="CWindow_button.h">
      <Filter>Файлы заголовков</Filter>
    </ClInclude>
    <ClInclude Include="TheWinMain.h">
      <Filter>Файлы заголовков</Filter>
    </ClInclude>
    <ClInclude Include="WinMainProc.h">
      <Filter>Файлы заголовков</Filter>
    </ClInclude>
    <ClInclude Include="windows_maincontrolbuttons.h">
      <Filter>Файлы заголовков</Filter>
    </ClInclude>
    <ClInclude Include="HFont_Wrapper.h">
      <Filter>Файлы заголовков</Filter>
    </ClInclude>
    <ClInclude Include="CWindowsFontApplier.h">
      <Filter>Файлы заголовков</Filter>
    </ClInclude>
    <ClInclude Include="windows_accountpage.h">
      <Filter>Файлы заголовков</Filter>
    </ClInclude>
    <ClInclude Include="CWindow_edit_cfg.h">
      <Filter>Файлы заголовков</Filter>
    </ClInclude>
    <ClInclude Include="CWindow_button_cfg.h">
      <Filter>Файлы заголовков</Filter>
    </ClInclude>
    <ClInclude Include="CWindow_hwnd.h">
      <Filter>Файлы заголовков</Filter>
    </ClInclude>
    <ClInclude Include="constexprcolorcodes.h">
      <Filter>Файлы заголовков</Filter>
    </ClInclude>
    <ClInclude Include="CWindow_static.h">
      <Filter>Файлы заголовков</Filter>
    </ClInclude>
    <ClInclude Include="CWindowTextWriter.h">
      <Filter>Файлы заголовков</Filter>
    </ClInclude>
    <ClInclude Include="CWindowTextReader.h">
      <Filter>Файлы заголовков</Filter>
    </ClInclude>
    <ClInclude Include="LazyBuffer.h">
      <Filter>Файлы заголовков</Filter>
    </ClInclude>
    <ClInclude Include="LazyBuffer_512wchart.h">
      <Filter>Файлы заголовков</Filter>
    </ClInclude>
    <ClInclude Include="CWinAPIFileW.h">
      <Filter>Файлы заголовков</Filter>
    </ClInclude>
    <ClInclude Include="compiletime_XORstring.h">
      <Filter>Файлы заголовков</Filter>
    </ClInclude>
    <ClInclude Include="CWindowCfgWriter.h">
      <Filter>Файлы заголовков</Filter>
    </ClInclude>
    <ClInclude Include="Serializers.h">
      <Filter>Файлы заголовков</Filter>
    </ClInclude>
    <ClInclude Include="CWindowCfgReader.h">
      <Filter>Файлы заголовков</Filter>
    </ClInclude>
    <ClInclude Include="windows_cfgbuttons.h">
      <Filter>Файлы заголовков</Filter>
    </ClInclude>
    <ClInclude Include="cfg_functions.h">
      <Filter>Файлы заголовков</Filter>
    </ClInclude>
    <ClInclude Include="PatternSearcher.h">
      <Filter>Файлы заголовков</Filter>
    </ClInclude>
    <ClInclude Include="iw5mp_addresses_declaration.h">
      <Filter>Файлы заголовков</Filter>
    </ClInclude>
    <ClInclude Include="iw5mp_addresses_definition.h">
      <Filter>Файлы заголовков</Filter>
    </ClInclude>
    <ClInclude Include="iw5mp_constants.h">
      <Filter>Файлы заголовков</Filter>
    </ClInclude>
    <ClInclude Include="iw5mp_nickname_etc_functions.h">
      <Filter>Файлы заголовков</Filter>
    </ClInclude>
    <ClInclude Include="TextConvertors.h">
      <Filter>Файлы заголовков</Filter>
    </ClInclude>
    <ClInclude Include="iw5mp_functions_declaration.h">
      <Filter>Файлы заголовков</Filter>
    </ClInclude>
    <ClInclude Include="iw5mp_xuidhwid_functions.h">
      <Filter>Файлы заголовков</Filter>
    </ClInclude>
    <ClInclude Include="ParserRandMask.h">
      <Filter>Файлы заголовков</Filter>
    </ClInclude>
    <ClInclude Include="Randomizer.h">
      <Filter>Файлы заголовков</Filter>
    </ClInclude>
    <ClInclude Include="CWindowTextLimiter.h">
      <Filter>Файлы заголовков</Filter>
    </ClInclude>
    <ClInclude Include="Hooker_JMP.h">
      <Filter>Файлы заголовков</Filter>
    </ClInclude>
    <ClInclude Include="JMPHook_SerializeNetdata.h">
      <Filter>Файлы заголовков</Filter>
    </ClInclude>
    <ClInclude Include="iw5mp_functions_definition.h">
      <Filter>Файлы заголовков</Filter>
    </ClInclude>
    <ClInclude Include="HooksOnThreadsStart.h">
      <Filter>Файлы заголовков</Filter>
    </ClInclude>
    <ClInclude Include="HooksAfterResumingThreads.h">
      <Filter>Файлы заголовков</Filter>
    </ClInclude>
    <ClInclude Include="JMPHook_sysinfoapi_functions.h">
      <Filter>Файлы заголовков</Filter>
    </ClInclude>
    <ClInclude Include="JMPHook_bdDTLSAssociation_functions.h">
      <Filter>Файлы заголовков</Filter>
    </ClInclude>
    <ClInclude Include="debug_hooks.h">
      <Filter>Файлы заголовков</Filter>
    </ClInclude>
    <ClInclude Include="JMPHook_bdUPnP_functions.h">
      <Filter>Файлы заголовков</Filter>
    </ClInclude>
    <ClInclude Include="Injector.h">
      <Filter>Файлы заголовков</Filter>
    </ClInclude>
    <ClInclude Include="windows_injectorpage.h">
      <Filter>Файлы заголовков</Filter>
    </ClInclude>
    <ClInclude Include="JMP_iw5mp_functions.h">
      <Filter>Файлы заголовков</Filter>
    </ClInclude>
    <ClInclude Include="iw5mp_address_verifier.h">
      <Filter>Файлы заголовков</Filter>
    </ClInclude>
    <ClInclude Include="windows_playerspage.h">
      <Filter>Файлы заголовков</Filter>
    </ClInclude>
    <ClInclude Include="iw5mp_players_functions.h">
      <Filter>Файлы заголовков</Filter>
    </ClInclude>
    <ClInclude Include="iw5mp_structs.h">
      <Filter>Файлы заголовков</Filter>
    </ClInclude>
    <ClInclude Include="Winsock_Client.h">
      <Filter>Файлы заголовков</Filter>
    </ClInclude>
    <ClInclude Include="TomLibKeyGen.h">
      <Filter>Файлы заголовков</Filter>
    </ClInclude>
    <ClInclude Include="WSAController.h">
      <Filter>Файлы заголовков</Filter>
    </ClInclude>
    <ClInclude Include="Winsock_ClientController.h">
      <Filter>Файлы заголовков</Filter>
    </ClInclude>
    <ClInclude Include="JMPHook_iphlpapi_functions.h">
      <Filter>Файлы заголовков</Filter>
    </ClInclude>
    <ClInclude Include="debug_console\debugconsole.h">
      <Filter>Файлы заголовков</Filter>
    </ClInclude>
    <ClInclude Include="debug_console\pch.h">
      <Filter>Файлы заголовков</Filter>
    </ClInclude>
    <ClInclude Include="windows_quickbuttons.h">
      <Filter>Файлы заголовков</Filter>
    </ClInclude>
    <ClInclude Include="iw5mp_quickbuttons_functions.h">
      <Filter>Файлы заголовков</Filter>
    </ClInclude>
  </ItemGroup>
  <ItemGroup>
    <ClCompile Include="dllmain.cpp">
      <Filter>Исходные файлы</Filter>
    </ClCompile>
    <ClCompile Include="pch.cpp">
      <Filter>Исходные файлы</Filter>
    </ClCompile>
    <ClCompile Include="CWindow_edit.cpp">
      <Filter>Исходные файлы</Filter>
    </ClCompile>
    <ClCompile Include="CWindow_button.cpp">
      <Filter>Исходные файлы</Filter>
    </ClCompile>
    <ClCompile Include="TheWinMain.cpp">
      <Filter>Исходные файлы</Filter>
    </ClCompile>
    <ClCompile Include="WinMainProc.cpp">
      <Filter>Исходные файлы</Filter>
    </ClCompile>
    <ClCompile Include="windows_maincontrolbuttons.cpp">
      <Filter>Исходные файлы</Filter>
    </ClCompile>
    <ClCompile Include="MainWindowSizes.cpp">
      <Filter>Исходные файлы</Filter>
    </ClCompile>
    <ClCompile Include="HFont_Wrapper.cpp">
      <Filter>Исходные файлы</Filter>
    </ClCompile>
    <ClCompile Include="CWindowsFontApplier.cpp">
      <Filter>Исходные файлы</Filter>
    </ClCompile>
    <ClCompile Include="CWindow_edit_cfg.cpp">
      <Filter>Исходные файлы</Filter>
    </ClCompile>
    <ClCompile Include="CWindow_button_cfg.cpp">
      <Filter>Исходные файлы</Filter>
    </ClCompile>
    <ClCompile Include="windows_accountpage.cpp">
      <Filter>Исходные файлы</Filter>
    </ClCompile>
    <ClCompile Include="CWindow_static.cpp">
      <Filter>Исходные файлы</Filter>
    </ClCompile>
    <ClCompile Include="СWindowTextWriter.cpp">
      <Filter>Исходные файлы</Filter>
    </ClCompile>
    <ClCompile Include="CWindowTextReader.cpp">
      <Filter>Исходные файлы</Filter>
    </ClCompile>
    <ClCompile Include="LazyBuffer.cpp">
      <Filter>Исходные файлы</Filter>
    </ClCompile>
    <ClCompile Include="LazyBuffer_512wchart.cpp">
      <Filter>Исходные файлы</Filter>
    </ClCompile>
    <ClCompile Include="CWindowFileW.cpp">
      <Filter>Исходные файлы</Filter>
    </ClCompile>
    <ClCompile Include="CWinAPIFileW.cpp">
      <Filter>Исходные файлы</Filter>
    </ClCompile>
    <ClCompile Include="compiletime_XORstring.cpp">
      <Filter>Исходные файлы</Filter>
    </ClCompile>
    <ClCompile Include="CWindowCfgWriter.cpp">
      <Filter>Исходные файлы</Filter>
    </ClCompile>
    <ClCompile Include="Serializers.cpp">
      <Filter>Исходные файлы</Filter>
    </ClCompile>
    <ClCompile Include="CWindowCfgReader.cpp">
      <Filter>Исходные файлы</Filter>
    </ClCompile>
    <ClCompile Include="windows_cfgbuttons.cpp">
      <Filter>Исходные файлы</Filter>
    </ClCompile>
    <ClCompile Include="cfg_functions.cpp">
      <Filter>Исходные файлы</Filter>
    </ClCompile>
    <ClCompile Include="PatternSearcher.cpp">
      <Filter>Исходные файлы</Filter>
    </ClCompile>
    <ClCompile Include="iw5mp_addresses_declaration.cpp">
      <Filter>Исходные файлы</Filter>
    </ClCompile>
    <ClCompile Include="iw5mp_addresses_definition.cpp">
      <Filter>Исходные файлы</Filter>
    </ClCompile>
    <ClCompile Include="iw5mp_nickname_etc_functions.cpp">
      <Filter>Исходные файлы</Filter>
    </ClCompile>
    <ClCompile Include="TextConvertors.cpp">
      <Filter>Исходные файлы</Filter>
    </ClCompile>
    <ClCompile Include="iw5mp_xuidhwid_functions.cpp">
      <Filter>Исходные файлы</Filter>
    </ClCompile>
    <ClCompile Include="CWindowTextWriter.cpp">
      <Filter>Исходные файлы</Filter>
    </ClCompile>
    <ClCompile Include="ParserRandMask.cpp">
      <Filter>Исходные файлы</Filter>
    </ClCompile>
    <ClCompile Include="Randomizer.cpp">
      <Filter>Исходные файлы</Filter>
    </ClCompile>
    <ClCompile Include="CWindowTextLimiter.cpp">
      <Filter>Исходные файлы</Filter>
    </ClCompile>
    <ClCompile Include="Hooker_JMP.cpp">
      <Filter>Исходные файлы</Filter>
    </ClCompile>
    <ClCompile Include="JMPHook_SerializeNetdata.cpp">
      <Filter>Исходные файлы</Filter>
    </ClCompile>
    <ClCompile Include="iw5mp_functions_declaration.cpp">
      <Filter>Исходные файлы</Filter>
    </ClCompile>
    <ClCompile Include="iw5mp_functions_definition.cpp">
      <Filter>Исходные файлы</Filter>
    </ClCompile>
    <ClCompile Include="HooksAfterResumingThreads.cpp">
      <Filter>Исходные файлы</Filter>
    </ClCompile>
    <ClCompile Include="JMPHook_sysinfoapi_functions.cpp">
      <Filter>Исходные файлы</Filter>
    </ClCompile>
    <ClCompile Include="HooksOnThreadsStart.cpp">
      <Filter>Исходные файлы</Filter>
    </ClCompile>
    <ClCompile Include="JMPHook_bdDTLSAssociation_functions.cpp">
      <Filter>Исходные файлы</Filter>
    </ClCompile>
    <ClCompile Include="debug_hooks.cpp">
      <Filter>Исходные файлы</Filter>
    </ClCompile>
    <ClCompile Include="JMPHook_bdUPnP_functions.cpp">
      <Filter>Исходные файлы</Filter>
    </ClCompile>
    <ClCompile Include="Injector.cpp">
      <Filter>Исходные файлы</Filter>
    </ClCompile>
    <ClCompile Include="windows_injectorpage.cpp">
      <Filter>Исходные файлы</Filter>
    </ClCompile>
    <ClCompile Include="JMP_iw5mp_functions.cpp">
      <Filter>Исходные файлы</Filter>
    </ClCompile>
    <ClCompile Include="iw5mp_address_verifier.cpp">
      <Filter>Исходные файлы</Filter>
    </ClCompile>
    <ClCompile Include="windows_playerspage.cpp">
      <Filter>Исходные файлы</Filter>
    </ClCompile>
    <ClCompile Include="iw5mp_players_functions.cpp">
      <Filter>Исходные файлы</Filter>
    </ClCompile>
    <ClCompile Include="Winsock_Client.cpp">
      <Filter>Исходные файлы</Filter>
    </ClCompile>
    <ClCompile Include="TomLibKeyGen.cpp">
      <Filter>Исходные файлы</Filter>
    </ClCompile>
    <ClCompile Include="WSAController.cpp">
      <Filter>Исходные файлы</Filter>
    </ClCompile>
    <ClCompile Include="Winsock_ClientController.cpp">
      <Filter>Исходные файлы</Filter>
    </ClCompile>
    <ClCompile Include="JMPHook_iphlpapi_functions.cpp">
      <Filter>Исходные файлы</Filter>
    </ClCompile>
    <ClCompile Include="debug_console\debugconsole.cpp">
      <Filter>Исходные файлы</Filter>
    </ClCompile>
    <ClCompile Include="windows_quickbuttons.cpp">
      <Filter>Исходные файлы</Filter>
    </ClCompile>
    <ClCompile Include="iw5mp_quickbuttons_functions.cpp">
      <Filter>Исходные файлы</Filter>
    </ClCompile>
  </ItemGroup>
</Project>